// !$*UTF8*$!
{
	archiveVersion = 1;
	classes = {
	};
	objectVersion = 50;
	objects = {

/* Begin PBXBuildFile section */
		994FED332499D76F0043B785 /* AppDelegate.swift in Sources */ = {isa = PBXBuildFile; fileRef = 994FED322499D76F0043B785 /* AppDelegate.swift */; };
		994FED352499D76F0043B785 /* SceneDelegate.swift in Sources */ = {isa = PBXBuildFile; fileRef = 994FED342499D76F0043B785 /* SceneDelegate.swift */; };
		994FED372499D76F0043B785 /* ViewController.swift in Sources */ = {isa = PBXBuildFile; fileRef = 994FED362499D76F0043B785 /* ViewController.swift */; };
		994FED3A2499D76F0043B785 /* Main.storyboard in Resources */ = {isa = PBXBuildFile; fileRef = 994FED382499D76F0043B785 /* Main.storyboard */; };
		994FED3C2499D7700043B785 /* Assets.xcassets in Resources */ = {isa = PBXBuildFile; fileRef = 994FED3B2499D7700043B785 /* Assets.xcassets */; };
		994FED3F2499D7700043B785 /* LaunchScreen.storyboard in Resources */ = {isa = PBXBuildFile; fileRef = 994FED3D2499D7700043B785 /* LaunchScreen.storyboard */; };
		994FED4A2499D7700043B785 /* IOS_APP_DesignTests.swift in Sources */ = {isa = PBXBuildFile; fileRef = 994FED492499D7700043B785 /* IOS_APP_DesignTests.swift */; };
		994FED552499D7700043B785 /* IOS_APP_DesignUITests.swift in Sources */ = {isa = PBXBuildFile; fileRef = 994FED542499D7700043B785 /* IOS_APP_DesignUITests.swift */; };
/* End PBXBuildFile section */

/* Begin PBXContainerItemProxy section */
		994FED462499D7700043B785 /* PBXContainerItemProxy */ = {
			isa = PBXContainerItemProxy;
			containerPortal = 994FED272499D76F0043B785 /* Project object */;
			proxyType = 1;
			remoteGlobalIDString = 994FED2E2499D76F0043B785;
			remoteInfo = IOS_APP_Design;
		};
		994FED512499D7700043B785 /* PBXContainerItemProxy */ = {
			isa = PBXContainerItemProxy;
			containerPortal = 994FED272499D76F0043B785 /* Project object */;
			proxyType = 1;
			remoteGlobalIDString = 994FED2E2499D76F0043B785;
			remoteInfo = IOS_APP_Design;
		};
/* End PBXContainerItemProxy section */

/* Begin PBXFileReference section */
		994FED2F2499D76F0043B785 /* IOS_APP_Design.app */ = {isa = PBXFileReference; explicitFileType = wrapper.application; includeInIndex = 0; path = IOS_APP_Design.app; sourceTree = BUILT_PRODUCTS_DIR; };
		994FED322499D76F0043B785 /* AppDelegate.swift */ = {isa = PBXFileReference; lastKnownFileType = sourcecode.swift; path = AppDelegate.swift; sourceTree = "<group>"; };
		994FED342499D76F0043B785 /* SceneDelegate.swift */ = {isa = PBXFileReference; lastKnownFileType = sourcecode.swift; path = SceneDelegate.swift; sourceTree = "<group>"; };
		994FED362499D76F0043B785 /* ViewController.swift */ = {isa = PBXFileReference; lastKnownFileType = sourcecode.swift; path = ViewController.swift; sourceTree = "<group>"; };
		994FED392499D76F0043B785 /* Base */ = {isa = PBXFileReference; lastKnownFileType = file.storyboard; name = Base; path = Base.lproj/Main.storyboard; sourceTree = "<group>"; };
		994FED3B2499D7700043B785 /* Assets.xcassets */ = {isa = PBXFileReference; lastKnownFileType = folder.assetcatalog; path = Assets.xcassets; sourceTree = "<group>"; };
		994FED3E2499D7700043B785 /* Base */ = {isa = PBXFileReference; lastKnownFileType = file.storyboard; name = Base; path = Base.lproj/LaunchScreen.storyboard; sourceTree = "<group>"; };
		994FED402499D7700043B785 /* Info.plist */ = {isa = PBXFileReference; lastKnownFileType = text.plist.xml; path = Info.plist; sourceTree = "<group>"; };
		994FED452499D7700043B785 /* IOS_APP_DesignTests.xctest */ = {isa = PBXFileReference; explicitFileType = wrapper.cfbundle; includeInIndex = 0; path = IOS_APP_DesignTests.xctest; sourceTree = BUILT_PRODUCTS_DIR; };
		994FED492499D7700043B785 /* IOS_APP_DesignTests.swift */ = {isa = PBXFileReference; lastKnownFileType = sourcecode.swift; path = IOS_APP_DesignTests.swift; sourceTree = "<group>"; };
		994FED4B2499D7700043B785 /* Info.plist */ = {isa = PBXFileReference; lastKnownFileType = text.plist.xml; path = Info.plist; sourceTree = "<group>"; };
		994FED502499D7700043B785 /* IOS_APP_DesignUITests.xctest */ = {isa = PBXFileReference; explicitFileType = wrapper.cfbundle; includeInIndex = 0; path = IOS_APP_DesignUITests.xctest; sourceTree = BUILT_PRODUCTS_DIR; };
		994FED542499D7700043B785 /* IOS_APP_DesignUITests.swift */ = {isa = PBXFileReference; lastKnownFileType = sourcecode.swift; path = IOS_APP_DesignUITests.swift; sourceTree = "<group>"; };
		994FED562499D7700043B785 /* Info.plist */ = {isa = PBXFileReference; lastKnownFileType = text.plist.xml; path = Info.plist; sourceTree = "<group>"; };
/* End PBXFileReference section */

/* Begin PBXFrameworksBuildPhase section */
		994FED2C2499D76F0043B785 /* Frameworks */ = {
			isa = PBXFrameworksBuildPhase;
			buildActionMask = 2147483647;
			files = (
			);
			runOnlyForDeploymentPostprocessing = 0;
		};
		994FED422499D7700043B785 /* Frameworks */ = {
			isa = PBXFrameworksBuildPhase;
			buildActionMask = 2147483647;
			files = (
			);
			runOnlyForDeploymentPostprocessing = 0;
		};
		994FED4D2499D7700043B785 /* Frameworks */ = {
			isa = PBXFrameworksBuildPhase;
			buildActionMask = 2147483647;
			files = (
			);
			runOnlyForDeploymentPostprocessing = 0;
		};
/* End PBXFrameworksBuildPhase section */

/* Begin PBXGroup section */
		994FED262499D76F0043B785 = {
			isa = PBXGroup;
			children = (
				994FED312499D76F0043B785 /* IOS_APP_Design */,
				994FED482499D7700043B785 /* IOS_APP_DesignTests */,
				994FED532499D7700043B785 /* IOS_APP_DesignUITests */,
				994FED302499D76F0043B785 /* Products */,
			);
			sourceTree = "<group>";
		};
		994FED302499D76F0043B785 /* Products */ = {
			isa = PBXGroup;
			children = (
				994FED2F2499D76F0043B785 /* IOS_APP_Design.app */,
				994FED452499D7700043B785 /* IOS_APP_DesignTests.xctest */,
				994FED502499D7700043B785 /* IOS_APP_DesignUITests.xctest */,
			);
			name = Products;
			sourceTree = "<group>";
		};
		994FED312499D76F0043B785 /* IOS_APP_Design */ = {
			isa = PBXGroup;
			children = (
				994FED322499D76F0043B785 /* AppDelegate.swift */,
				994FED342499D76F0043B785 /* SceneDelegate.swift */,
				994FED362499D76F0043B785 /* ViewController.swift */,
				994FED382499D76F0043B785 /* Main.storyboard */,
				994FED3B2499D7700043B785 /* Assets.xcassets */,
				994FED3D2499D7700043B785 /* LaunchScreen.storyboard */,
				994FED402499D7700043B785 /* Info.plist */,
			);
			path = IOS_APP_Design;
			sourceTree = "<group>";
		};
		994FED482499D7700043B785 /* IOS_APP_DesignTests */ = {
			isa = PBXGroup;
			children = (
				994FED492499D7700043B785 /* IOS_APP_DesignTests.swift */,
				994FED4B2499D7700043B785 /* Info.plist */,
			);
			path = IOS_APP_DesignTests;
			sourceTree = "<group>";
		};
		994FED532499D7700043B785 /* IOS_APP_DesignUITests */ = {
			isa = PBXGroup;
			children = (
				994FED542499D7700043B785 /* IOS_APP_DesignUITests.swift */,
				994FED562499D7700043B785 /* Info.plist */,
			);
			path = IOS_APP_DesignUITests;
			sourceTree = "<group>";
		};
/* End PBXGroup section */

/* Begin PBXNativeTarget section */
		994FED2E2499D76F0043B785 /* IOS_APP_Design */ = {
			isa = PBXNativeTarget;
			buildConfigurationList = 994FED592499D7700043B785 /* Build configuration list for PBXNativeTarget "IOS_APP_Design" */;
			buildPhases = (
				994FED2B2499D76F0043B785 /* Sources */,
				994FED2C2499D76F0043B785 /* Frameworks */,
				994FED2D2499D76F0043B785 /* Resources */,
			);
			buildRules = (
			);
			dependencies = (
			);
			name = IOS_APP_Design;
			productName = IOS_APP_Design;
			productReference = 994FED2F2499D76F0043B785 /* IOS_APP_Design.app */;
			productType = "com.apple.product-type.application";
		};
		994FED442499D7700043B785 /* IOS_APP_DesignTests */ = {
			isa = PBXNativeTarget;
			buildConfigurationList = 994FED5C2499D7700043B785 /* Build configuration list for PBXNativeTarget "IOS_APP_DesignTests" */;
			buildPhases = (
				994FED412499D7700043B785 /* Sources */,
				994FED422499D7700043B785 /* Frameworks */,
				994FED432499D7700043B785 /* Resources */,
			);
			buildRules = (
			);
			dependencies = (
				994FED472499D7700043B785 /* PBXTargetDependency */,
			);
			name = IOS_APP_DesignTests;
			productName = IOS_APP_DesignTests;
			productReference = 994FED452499D7700043B785 /* IOS_APP_DesignTests.xctest */;
			productType = "com.apple.product-type.bundle.unit-test";
		};
		994FED4F2499D7700043B785 /* IOS_APP_DesignUITests */ = {
			isa = PBXNativeTarget;
			buildConfigurationList = 994FED5F2499D7700043B785 /* Build configuration list for PBXNativeTarget "IOS_APP_DesignUITests" */;
			buildPhases = (
				994FED4C2499D7700043B785 /* Sources */,
				994FED4D2499D7700043B785 /* Frameworks */,
				994FED4E2499D7700043B785 /* Resources */,
			);
			buildRules = (
			);
			dependencies = (
				994FED522499D7700043B785 /* PBXTargetDependency */,
			);
			name = IOS_APP_DesignUITests;
			productName = IOS_APP_DesignUITests;
			productReference = 994FED502499D7700043B785 /* IOS_APP_DesignUITests.xctest */;
			productType = "com.apple.product-type.bundle.ui-testing";
		};
/* End PBXNativeTarget section */

/* Begin PBXProject section */
		994FED272499D76F0043B785 /* Project object */ = {
			isa = PBXProject;
			attributes = {
				LastSwiftUpdateCheck = 1130;
				LastUpgradeCheck = 1130;
				ORGANIZATIONNAME = "n01324321 Sudhir";
				TargetAttributes = {
					994FED2E2499D76F0043B785 = {
						CreatedOnToolsVersion = 11.3.1;
					};
					994FED442499D7700043B785 = {
						CreatedOnToolsVersion = 11.3.1;
						TestTargetID = 994FED2E2499D76F0043B785;
					};
					994FED4F2499D7700043B785 = {
						CreatedOnToolsVersion = 11.3.1;
						TestTargetID = 994FED2E2499D76F0043B785;
					};
				};
			};
			buildConfigurationList = 994FED2A2499D76F0043B785 /* Build configuration list for PBXProject "IOS_APP_Design" */;
			compatibilityVersion = "Xcode 9.3";
			developmentRegion = en;
			hasScannedForEncodings = 0;
			knownRegions = (
				en,
				Base,
			);
			mainGroup = 994FED262499D76F0043B785;
			productRefGroup = 994FED302499D76F0043B785 /* Products */;
			projectDirPath = "";
			projectRoot = "";
			targets = (
				994FED2E2499D76F0043B785 /* IOS_APP_Design */,
				994FED442499D7700043B785 /* IOS_APP_DesignTests */,
				994FED4F2499D7700043B785 /* IOS_APP_DesignUITests */,
			);
		};
/* End PBXProject section */

/* Begin PBXResourcesBuildPhase section */
		994FED2D2499D76F0043B785 /* Resources */ = {
			isa = PBXResourcesBuildPhase;
			buildActionMask = 2147483647;
			files = (
				994FED3F2499D7700043B785 /* LaunchScreen.storyboard in Resources */,
				994FED3C2499D7700043B785 /* Assets.xcassets in Resources */,
				994FED3A2499D76F0043B785 /* Main.storyboard in Resources */,
			);
			runOnlyForDeploymentPostprocessing = 0;
		};
		994FED432499D7700043B785 /* Resources */ = {
			isa = PBXResourcesBuildPhase;
			buildActionMask = 2147483647;
			files = (
			);
			runOnlyForDeploymentPostprocessing = 0;
		};
		994FED4E2499D7700043B785 /* Resources */ = {
			isa = PBXResourcesBuildPhase;
			buildActionMask = 2147483647;
			files = (
			);
			runOnlyForDeploymentPostprocessing = 0;
		};
/* End PBXResourcesBuildPhase section */

/* Begin PBXSourcesBuildPhase section */
		994FED2B2499D76F0043B785 /* Sources */ = {
			isa = PBXSourcesBuildPhase;
			buildActionMask = 2147483647;
			files = (
				994FED372499D76F0043B785 /* ViewController.swift in Sources */,
				994FED332499D76F0043B785 /* AppDelegate.swift in Sources */,
				994FED352499D76F0043B785 /* SceneDelegate.swift in Sources */,
			);
			runOnlyForDeploymentPostprocessing = 0;
		};
		994FED412499D7700043B785 /* Sources */ = {
			isa = PBXSourcesBuildPhase;
			buildActionMask = 2147483647;
			files = (
				994FED4A2499D7700043B785 /* IOS_APP_DesignTests.swift in Sources */,
			);
			runOnlyForDeploymentPostprocessing = 0;
		};
		994FED4C2499D7700043B785 /* Sources */ = {
			isa = PBXSourcesBuildPhase;
			buildActionMask = 2147483647;
			files = (
				994FED552499D7700043B785 /* IOS_APP_DesignUITests.swift in Sources */,
			);
			runOnlyForDeploymentPostprocessing = 0;
		};
/* End PBXSourcesBuildPhase section */

/* Begin PBXTargetDependency section */
		994FED472499D7700043B785 /* PBXTargetDependency */ = {
			isa = PBXTargetDependency;
			target = 994FED2E2499D76F0043B785 /* IOS_APP_Design */;
			targetProxy = 994FED462499D7700043B785 /* PBXContainerItemProxy */;
		};
		994FED522499D7700043B785 /* PBXTargetDependency */ = {
			isa = PBXTargetDependency;
			target = 994FED2E2499D76F0043B785 /* IOS_APP_Design */;
			targetProxy = 994FED512499D7700043B785 /* PBXContainerItemProxy */;
		};
/* End PBXTargetDependency section */

/* Begin PBXVariantGroup section */
		994FED382499D76F0043B785 /* Main.storyboard */ = {
			isa = PBXVariantGroup;
			children = (
				994FED392499D76F0043B785 /* Base */,
			);
			name = Main.storyboard;
			sourceTree = "<group>";
		};
		994FED3D2499D7700043B785 /* LaunchScreen.storyboard */ = {
			isa = PBXVariantGroup;
			children = (
				994FED3E2499D7700043B785 /* Base */,
			);
			name = LaunchScreen.storyboard;
			sourceTree = "<group>";
		};
/* End PBXVariantGroup section */

/* Begin XCBuildConfiguration section */
		994FED572499D7700043B785 /* Debug */ = {
			isa = XCBuildConfiguration;
			buildSettings = {
				ALWAYS_SEARCH_USER_PATHS = NO;
				CLANG_ANALYZER_NONNULL = YES;
				CLANG_ANALYZER_NUMBER_OBJECT_CONVERSION = YES_AGGRESSIVE;
				CLANG_CXX_LANGUAGE_STANDARD = "gnu++14";
				CLANG_CXX_LIBRARY = "libc++";
				CLANG_ENABLE_MODULES = YES;
				CLANG_ENABLE_OBJC_ARC = YES;
				CLANG_ENABLE_OBJC_WEAK = YES;
				CLANG_WARN_BLOCK_CAPTURE_AUTORELEASING = YES;
				CLANG_WARN_BOOL_CONVERSION = YES;
				CLANG_WARN_COMMA = YES;
				CLANG_WARN_CONSTANT_CONVERSION = YES;
				CLANG_WARN_DEPRECATED_OBJC_IMPLEMENTATIONS = YES;
				CLANG_WARN_DIRECT_OBJC_ISA_USAGE = YES_ERROR;
				CLANG_WARN_DOCUMENTATION_COMMENTS = YES;
				CLANG_WARN_EMPTY_BODY = YES;
				CLANG_WARN_ENUM_CONVERSION = YES;
				CLANG_WARN_INFINITE_RECURSION = YES;
				CLANG_WARN_INT_CONVERSION = YES;
				CLANG_WARN_NON_LITERAL_NULL_CONVERSION = YES;
				CLANG_WARN_OBJC_IMPLICIT_RETAIN_SELF = YES;
				CLANG_WARN_OBJC_LITERAL_CONVERSION = YES;
				CLANG_WARN_OBJC_ROOT_CLASS = YES_ERROR;
				CLANG_WARN_RANGE_LOOP_ANALYSIS = YES;
				CLANG_WARN_STRICT_PROTOTYPES = YES;
				CLANG_WARN_SUSPICIOUS_MOVE = YES;
				CLANG_WARN_UNGUARDED_AVAILABILITY = YES_AGGRESSIVE;
				CLANG_WARN_UNREACHABLE_CODE = YES;
				CLANG_WARN__DUPLICATE_METHOD_MATCH = YES;
				COPY_PHASE_STRIP = NO;
				DEBUG_INFORMATION_FORMAT = dwarf;
				ENABLE_STRICT_OBJC_MSGSEND = YES;
				ENABLE_TESTABILITY = YES;
				GCC_C_LANGUAGE_STANDARD = gnu11;
				GCC_DYNAMIC_NO_PIC = NO;
				GCC_NO_COMMON_BLOCKS = YES;
				GCC_OPTIMIZATION_LEVEL = 0;
				GCC_PREPROCESSOR_DEFINITIONS = (
					"DEBUG=1",
					"$(inherited)",
				);
				GCC_WARN_64_TO_32_BIT_CONVERSION = YES;
				GCC_WARN_ABOUT_RETURN_TYPE = YES_ERROR;
				GCC_WARN_UNDECLARED_SELECTOR = YES;
				GCC_WARN_UNINITIALIZED_AUTOS = YES_AGGRESSIVE;
				GCC_WARN_UNUSED_FUNCTION = YES;
				GCC_WARN_UNUSED_VARIABLE = YES;
				IPHONEOS_DEPLOYMENT_TARGET = 13.2;
				MTL_ENABLE_DEBUG_INFO = INCLUDE_SOURCE;
				MTL_FAST_MATH = YES;
				ONLY_ACTIVE_ARCH = YES;
				SDKROOT = iphoneos;
				SWIFT_ACTIVE_COMPILATION_CONDITIONS = DEBUG;
				SWIFT_OPTIMIZATION_LEVEL = "-Onone";
			};
			name = Debug;
		};
		994FED582499D7700043B785 /* Release */ = {
			isa = XCBuildConfiguration;
			buildSettings = {
				ALWAYS_SEARCH_USER_PATHS = NO;
				CLANG_ANALYZER_NONNULL = YES;
				CLANG_ANALYZER_NUMBER_OBJECT_CONVERSION = YES_AGGRESSIVE;
				CLANG_CXX_LANGUAGE_STANDARD = "gnu++14";
				CLANG_CXX_LIBRARY = "libc++";
				CLANG_ENABLE_MODULES = YES;
				CLANG_ENABLE_OBJC_ARC = YES;
				CLANG_ENABLE_OBJC_WEAK = YES;
				CLANG_WARN_BLOCK_CAPTURE_AUTORELEASING = YES;
				CLANG_WARN_BOOL_CONVERSION = YES;
				CLANG_WARN_COMMA = YES;
				CLANG_WARN_CONSTANT_CONVERSION = YES;
				CLANG_WARN_DEPRECATED_OBJC_IMPLEMENTATIONS = YES;
				CLANG_WARN_DIRECT_OBJC_ISA_USAGE = YES_ERROR;
				CLANG_WARN_DOCUMENTATION_COMMENTS = YES;
				CLANG_WARN_EMPTY_BODY = YES;
				CLANG_WARN_ENUM_CONVERSION = YES;
				CLANG_WARN_INFINITE_RECURSION = YES;
				CLANG_WARN_INT_CONVERSION = YES;
				CLANG_WARN_NON_LITERAL_NULL_CONVERSION = YES;
				CLANG_WARN_OBJC_IMPLICIT_RETAIN_SELF = YES;
				CLANG_WARN_OBJC_LITERAL_CONVERSION = YES;
				CLANG_WARN_OBJC_ROOT_CLASS = YES_ERROR;
				CLANG_WARN_RANGE_LOOP_ANALYSIS = YES;
				CLANG_WARN_STRICT_PROTOTYPES = YES;
				CLANG_WARN_SUSPICIOUS_MOVE = YES;
				CLANG_WARN_UNGUARDED_AVAILABILITY = YES_AGGRESSIVE;
				CLANG_WARN_UNREACHABLE_CODE = YES;
				CLANG_WARN__DUPLICATE_METHOD_MATCH = YES;
				COPY_PHASE_STRIP = NO;
				DEBUG_INFORMATION_FORMAT = "dwarf-with-dsym";
				ENABLE_NS_ASSERTIONS = NO;
				ENABLE_STRICT_OBJC_MSGSEND = YES;
				GCC_C_LANGUAGE_STANDARD = gnu11;
				GCC_NO_COMMON_BLOCKS = YES;
				GCC_WARN_64_TO_32_BIT_CONVERSION = YES;
				GCC_WARN_ABOUT_RETURN_TYPE = YES_ERROR;
				GCC_WARN_UNDECLARED_SELECTOR = YES;
				GCC_WARN_UNINITIALIZED_AUTOS = YES_AGGRESSIVE;
				GCC_WARN_UNUSED_FUNCTION = YES;
				GCC_WARN_UNUSED_VARIABLE = YES;
				IPHONEOS_DEPLOYMENT_TARGET = 13.2;
				MTL_ENABLE_DEBUG_INFO = NO;
				MTL_FAST_MATH = YES;
				SDKROOT = iphoneos;
				SWIFT_COMPILATION_MODE = wholemodule;
				SWIFT_OPTIMIZATION_LEVEL = "-O";
				VALIDATE_PRODUCT = YES;
			};
			name = Release;
		};
		994FED5A2499D7700043B785 /* Debug */ = {
			isa = XCBuildConfiguration;
			buildSettings = {
				ASSETCATALOG_COMPILER_APPICON_NAME = AppIcon;
				CODE_SIGN_STYLE = Automatic;
				INFOPLIST_FILE = IOS_APP_Design/Info.plist;
				LD_RUNPATH_SEARCH_PATHS = (
					"$(inherited)",
					"@executable_path/Frameworks",
				);
				PRODUCT_BUNDLE_IDENTIFIER = "Sudhir-Lab-3.IOS-APP-Design";
				PRODUCT_NAME = "$(TARGET_NAME)";
				SWIFT_VERSION = 5.0;
				TARGETED_DEVICE_FAMILY = "1,2";
			};
			name = Debug;
		};
		994FED5B2499D7700043B785 /* Release */ = {
			isa = XCBuildConfiguration;
			buildSettings = {
				ASSETCATALOG_COMPILER_APPICON_NAME = AppIcon;
				CODE_SIGN_STYLE = Automatic;
				INFOPLIST_FILE = IOS_APP_Design/Info.plist;
				LD_RUNPATH_SEARCH_PATHS = (
					"$(inherited)",
					"@executable_path/Frameworks",
				);
				PRODUCT_BUNDLE_IDENTIFIER = "Sudhir-Lab-3.IOS-APP-Design";
				PRODUCT_NAME = "$(TARGET_NAME)";
				SWIFT_VERSION = 5.0;
				TARGETED_DEVICE_FAMILY = "1,2";
			};
			name = Release;
		};
		994FED5D2499D7700043B785 /* Debug */ = {
			isa = XCBuildConfiguration;
			buildSettings = {
				ALWAYS_EMBED_SWIFT_STANDARD_LIBRARIES = YES;
				BUNDLE_LOADER = "$(TEST_HOST)";
				CODE_SIGN_STYLE = Automatic;
				INFOPLIST_FILE = IOS_APP_DesignTests/Info.plist;
				IPHONEOS_DEPLOYMENT_TARGET = 13.2;
				LD_RUNPATH_SEARCH_PATHS = (
					"$(inherited)",
					"@executable_path/Frameworks",
					"@loader_path/Frameworks",
				);
				PRODUCT_BUNDLE_IDENTIFIER = "Sudhir-Lab-3.IOS-APP-DesignTests";
				PRODUCT_NAME = "$(TARGET_NAME)";
				SWIFT_VERSION = 5.0;
				TARGETED_DEVICE_FAMILY = "1,2";
				TEST_HOST = "$(BUILT_PRODUCTS_DIR)/IOS_APP_Design.app/IOS_APP_Design";
			};
			name = Debug;
		};
		994FED5E2499D7700043B785 /* Release */ = {
			isa = XCBuildConfiguration;
			buildSettings = {
				ALWAYS_EMBED_SWIFT_STANDARD_LIBRARIES = YES;
				BUNDLE_LOADER = "$(TEST_HOST)";
				CODE_SIGN_STYLE = Automatic;
				INFOPLIST_FILE = IOS_APP_DesignTests/Info.plist;
				IPHONEOS_DEPLOYMENT_TARGET = 13.2;
				LD_RUNPATH_SEARCH_PATHS = (
					"$(inherited)",
					"@executable_path/Frameworks",
					"@loader_path/Frameworks",
				);
				PRODUCT_BUNDLE_IDENTIFIER = "Sudhir-Lab-3.IOS-APP-DesignTests";
				PRODUCT_NAME = "$(TARGET_NAME)";
				SWIFT_VERSION = 5.0;
				TARGETED_DEVICE_FAMILY = "1,2";
				TEST_HOST = "$(BUILT_PRODUCTS_DIR)/IOS_APP_Design.app/IOS_APP_Design";
			};
			name = Release;
		};
		994FED602499D7700043B785 /* Debug */ = {
			isa = XCBuildConfiguration;
			buildSettings = {
				ALWAYS_EMBED_SWIFT_STANDARD_LIBRARIES = YES;
				CODE_SIGN_STYLE = Automatic;
				INFOPLIST_FILE = IOS_APP_DesignUITests/Info.plist;
				LD_RUNPATH_SEARCH_PATHS = (
					"$(inherited)",
					"@executable_path/Frameworks",
					"@loader_path/Frameworks",
				);
				PRODUCT_BUNDLE_IDENTIFIER = "Sudhir-Lab-3.IOS-APP-DesignUITests";
				PRODUCT_NAME = "$(TARGET_NAME)";
				SWIFT_VERSION = 5.0;
				TARGETED_DEVICE_FAMILY = "1,2";
				TEST_TARGET_NAME = IOS_APP_Design;
			};
			name = Debug;
		};
		994FED612499D7700043B785 /* Release */ = {
			isa = XCBuildConfiguration;
			buildSettings = {
				ALWAYS_EMBED_SWIFT_STANDARD_LIBRARIES = YES;
				CODE_SIGN_STYLE = Automatic;
				INFOPLIST_FILE = IOS_APP_DesignUITests/Info.plist;
				LD_RUNPATH_SEARCH_PATHS = (
					"$(inherited)",
					"@executable_path/Frameworks",
					"@loader_path/Frameworks",
				);
				PRODUCT_BUNDLE_IDENTIFIER = "Sudhir-Lab-3.IOS-APP-DesignUITests";
				PRODUCT_NAME = "$(TARGET_NAME)";
				SWIFT_VERSION = 5.0;
				TARGETED_DEVICE_FAMILY = "1,2";
				TEST_TARGET_NAME = IOS_APP_Design;
			};
			name = Release;
		};
/* End XCBuildConfiguration section */

/* Begin XCConfigurationList section */
		994FED2A2499D76F0043B785 /* Build configuration list for PBXProject "IOS_APP_Design" */ = {
			isa = XCConfigurationList;
			buildConfigurations = (
				994FED572499D7700043B785 /* Debug */,
				994FED582499D7700043B785 /* Release */,
			);
			defaultConfigurationIsVisible = 0;
			defaultConfigurationName = Release;
		};
		994FED592499D7700043B785 /* Build configuration list for PBXNativeTarget "IOS_APP_Design" */ = {
			isa = XCConfigurationList;
			buildConfigurations = (
				994FED5A2499D7700043B785 /* Debug */,
				994FED5B2499D7700043B785 /* Release */,
			);
			defaultConfigurationIsVisible = 0;
			defaultConfigurationName = Release;
		};
		994FED5C2499D7700043B785 /* Build configuration list for PBXNativeTarget "IOS_APP_DesignTests" */ = {
			isa = XCConfigurationList;
			buildConfigurations = (
				994FED5D2499D7700043B785 /* Debug */,
				994FED5E2499D7700043B785 /* Release */,
			);
			defaultConfigurationIsVisible = 0;
			defaultConfigurationName = Release;
		};
		994FED5F2499D7700043B785 /* Build configuration list for PBXNativeTarget "IOS_APP_DesignUITests" */ = {
			isa = XCConfigurationList;
			buildConfigurations = (
				994FED602499D7700043B785 /* Debug */,
				994FED612499D7700043B785 /* Release */,
			);
			defaultConfigurationIsVisible = 0;
			defaultConfigurationName = Release;
		};
/* End XCConfigurationList section */
	};
	rootObject = 994FED272499D76F0043B785 /* Project object */;
}
